<?xml version="1.0" encoding="UTF-8" standalone="yes" ?>
<CodeBlocks_project_file>
	<FileVersion major="1" minor="6" />
	<Project>
		<Option title="Sniffer" />
		<Option pch_mode="2" />
		<Option compiler="gcc" />
		<Build>
			<Target title="Debug">
				<Option output="bin/Debug/Sniffer" prefix_auto="1" extension_auto="1" />
				<Option object_output="obj/Debug/" />
				<Option type="1" />
				<Option compiler="gcc" />
				<Compiler>
					<Add option="-g" />
					<Add option="-DWPCAP" />
					<Add option="-DHAVE_REMOTE" />
				</Compiler>
				<Linker>
					<Add library="../../Downloads/WpdPack/Lib/libwpcap.a" />
				</Linker>
			</Target>
			<Target title="Release">
				<Option output="bin/Release/Sniffer" prefix_auto="1" extension_auto="1" />
				<Option object_output="obj/Release/" />
				<Option type="1" />
				<Option compiler="gcc" />
				<Compiler>
					<Add option="-O2" />
				</Compiler>
				<Linker>
					<Add option="-s" />
				</Linker>
			</Target>
		</Build>
		<Compiler>
			<Add option="-Wall" />
			<Add option="-fexceptions" />
		</Compiler>
		<Unit filename="binaryFunctions.h" />
		<Unit filename="ethernet.h" />
		<Unit filename="hextodec.h" />
		<Unit filename="ip.h" />
		<Unit filename="main.cpp" />
		<Unit filename="tcp.h" />
		<Extensions>
			<code_completion />
			<envvars />
			<debugger />
		</Extensions>
	</Project>
</CodeBlocks_project_file>
